// !$*UTF8*$!
{
	archiveVersion = 1;
	classes = {
	};
	objectVersion = 56;
	objects = {

/* Begin PBXBuildFile section */
		C147C4C12C1A6FB600231B58 /* Pro_Planner_FinalApp.swift in Sources */ = {isa = PBXBuildFile; fileRef = C147C4C02C1A6FB600231B58 /* Pro_Planner_FinalApp.swift */; };
		C147C4C32C1A6FB600231B58 /* ContentView.swift in Sources */ = {isa = PBXBuildFile; fileRef = C147C4C22C1A6FB600231B58 /* ContentView.swift */; };
		C147C4C52C1A6FB900231B58 /* Assets.xcassets in Resources */ = {isa = PBXBuildFile; fileRef = C147C4C42C1A6FB900231B58 /* Assets.xcassets */; };
		C147C4C82C1A6FB900231B58 /* Preview Assets.xcassets in Resources */ = {isa = PBXBuildFile; fileRef = C147C4C72C1A6FB900231B58 /* Preview Assets.xcassets */; };
		C147C4CF2C1A718B00231B58 /* CollectionCatagorys.swift in Sources */ = {isa = PBXBuildFile; fileRef = C147C4CE2C1A718B00231B58 /* CollectionCatagorys.swift */; };
		C147C4D32C1A798E00231B58 /* ExpandableRows.swift in Sources */ = {isa = PBXBuildFile; fileRef = C147C4D22C1A798E00231B58 /* ExpandableRows.swift */; };
		C147C4D52C1A846800231B58 /* NewItemView.swift in Sources */ = {isa = PBXBuildFile; fileRef = C147C4D42C1A846800231B58 /* NewItemView.swift */; };
		C147C4D72C1B29E100231B58 /* CalenderView.swift in Sources */ = {isa = PBXBuildFile; fileRef = C147C4D62C1B29E100231B58 /* CalenderView.swift */; };
		C147C4DF2C1B38D000231B58 /* BottomNavBar.swift in Sources */ = {isa = PBXBuildFile; fileRef = C147C4DE2C1B38D000231B58 /* BottomNavBar.swift */; };
		C147C4E32C1B3E4C00231B58 /* NewItemCalenderView.swift in Sources */ = {isa = PBXBuildFile; fileRef = C147C4E22C1B3E4B00231B58 /* NewItemCalenderView.swift */; };
		C147C4E52C1B3EE800231B58 /* BottomNavBarCalender.swift in Sources */ = {isa = PBXBuildFile; fileRef = C147C4E42C1B3EE800231B58 /* BottomNavBarCalender.swift */; };
		C147C4E82C1B436D00231B58 /* AssignmentsExampleView.swift in Sources */ = {isa = PBXBuildFile; fileRef = C147C4E72C1B436D00231B58 /* AssignmentsExampleView.swift */; };
		C147C4EA2C1B53EF00231B58 /* AssignmentSquaresHelper.swift in Sources */ = {isa = PBXBuildFile; fileRef = C147C4E92C1B53EF00231B58 /* AssignmentSquaresHelper.swift */; };
		C14D5C302C1B680E00871D4D /* UploadImage.swift in Sources */ = {isa = PBXBuildFile; fileRef = C14D5C2F2C1B680D00871D4D /* UploadImage.swift */; };
		C1FE17322C1C7AA8006EC7E2 /* HomePageExampleView.swift in Sources */ = {isa = PBXBuildFile; fileRef = C1FE17312C1C7AA8006EC7E2 /* HomePageExampleView.swift */; };
		C1FE17342C1C7BDC006EC7E2 /* WatchListView.swift in Sources */ = {isa = PBXBuildFile; fileRef = C1FE17332C1C7BDC006EC7E2 /* WatchListView.swift */; };
		C1FE17362C1C7C8F006EC7E2 /* RecipesListExampleView.swift in Sources */ = {isa = PBXBuildFile; fileRef = C1FE17352C1C7C8F006EC7E2 /* RecipesListExampleView.swift */; };
		C1FE17392C1C7FDD006EC7E2 /* TravelPlansExampleView.swift in Sources */ = {isa = PBXBuildFile; fileRef = C1FE17382C1C7FDD006EC7E2 /* TravelPlansExampleView.swift */; };
		C1FE173B2C1C833B006EC7E2 /* TestView.swift in Sources */ = {isa = PBXBuildFile; fileRef = C1FE173A2C1C833B006EC7E2 /* TestView.swift */; };
/* End PBXBuildFile section */

/* Begin PBXFileReference section */
		C147C4BD2C1A6FB600231B58 /* Pro-Planner Final.app */ = {isa = PBXFileReference; explicitFileType = wrapper.application; includeInIndex = 0; path = "Pro-Planner Final.app"; sourceTree = BUILT_PRODUCTS_DIR; };
		C147C4C02C1A6FB600231B58 /* Pro_Planner_FinalApp.swift */ = {isa = PBXFileReference; lastKnownFileType = sourcecode.swift; path = Pro_Planner_FinalApp.swift; sourceTree = "<group>"; };
		C147C4C22C1A6FB600231B58 /* ContentView.swift */ = {isa = PBXFileReference; lastKnownFileType = sourcecode.swift; path = ContentView.swift; sourceTree = "<group>"; };
		C147C4C42C1A6FB900231B58 /* Assets.xcassets */ = {isa = PBXFileReference; lastKnownFileType = folder.assetcatalog; path = Assets.xcassets; sourceTree = "<group>"; };
		C147C4C72C1A6FB900231B58 /* Preview Assets.xcassets */ = {isa = PBXFileReference; lastKnownFileType = folder.assetcatalog; path = "Preview Assets.xcassets"; sourceTree = "<group>"; };
		C147C4CE2C1A718B00231B58 /* CollectionCatagorys.swift */ = {isa = PBXFileReference; lastKnownFileType = sourcecode.swift; path = CollectionCatagorys.swift; sourceTree = "<group>"; };
		C147C4D22C1A798E00231B58 /* ExpandableRows.swift */ = {isa = PBXFileReference; lastKnownFileType = sourcecode.swift; path = ExpandableRows.swift; sourceTree = "<group>"; };
		C147C4D42C1A846800231B58 /* NewItemView.swift */ = {isa = PBXFileReference; lastKnownFileType = sourcecode.swift; path = NewItemView.swift; sourceTree = "<group>"; };
		C147C4D62C1B29E100231B58 /* CalenderView.swift */ = {isa = PBXFileReference; lastKnownFileType = sourcecode.swift; path = CalenderView.swift; sourceTree = "<group>"; };
		C147C4DE2C1B38D000231B58 /* BottomNavBar.swift */ = {isa = PBXFileReference; lastKnownFileType = sourcecode.swift; path = BottomNavBar.swift; sourceTree = "<group>"; };
		C147C4E22C1B3E4B00231B58 /* NewItemCalenderView.swift */ = {isa = PBXFileReference; lastKnownFileType = sourcecode.swift; path = NewItemCalenderView.swift; sourceTree = "<group>"; };
		C147C4E42C1B3EE800231B58 /* BottomNavBarCalender.swift */ = {isa = PBXFileReference; lastKnownFileType = sourcecode.swift; path = BottomNavBarCalender.swift; sourceTree = "<group>"; };
		C147C4E72C1B436D00231B58 /* AssignmentsExampleView.swift */ = {isa = PBXFileReference; lastKnownFileType = sourcecode.swift; path = AssignmentsExampleView.swift; sourceTree = "<group>"; };
		C147C4E92C1B53EF00231B58 /* AssignmentSquaresHelper.swift */ = {isa = PBXFileReference; lastKnownFileType = sourcecode.swift; path = AssignmentSquaresHelper.swift; sourceTree = "<group>"; };
		C14D5C2F2C1B680D00871D4D /* UploadImage.swift */ = {isa = PBXFileReference; lastKnownFileType = sourcecode.swift; path = UploadImage.swift; sourceTree = "<group>"; };
		C1FE17312C1C7AA8006EC7E2 /* HomePageExampleView.swift */ = {isa = PBXFileReference; lastKnownFileType = sourcecode.swift; path = HomePageExampleView.swift; sourceTree = "<group>"; };
		C1FE17332C1C7BDC006EC7E2 /* WatchListView.swift */ = {isa = PBXFileReference; lastKnownFileType = sourcecode.swift; path = WatchListView.swift; sourceTree = "<group>"; };
		C1FE17352C1C7C8F006EC7E2 /* RecipesListExampleView.swift */ = {isa = PBXFileReference; lastKnownFileType = sourcecode.swift; path = RecipesListExampleView.swift; sourceTree = "<group>"; };
		C1FE17382C1C7FDD006EC7E2 /* TravelPlansExampleView.swift */ = {isa = PBXFileReference; lastKnownFileType = sourcecode.swift; path = TravelPlansExampleView.swift; sourceTree = "<group>"; };
		C1FE173A2C1C833B006EC7E2 /* TestView.swift */ = {isa = PBXFileReference; lastKnownFileType = sourcecode.swift; path = TestView.swift; sourceTree = "<group>"; };
/* End PBXFileReference section */

/* Begin PBXFrameworksBuildPhase section */
		C147C4BA2C1A6FB600231B58 /* Frameworks */ = {
			isa = PBXFrameworksBuildPhase;
			buildActionMask = 2147483647;
			files = (
			);
			runOnlyForDeploymentPostprocessing = 0;
		};
/* End PBXFrameworksBuildPhase section */

/* Begin PBXGroup section */
		C147C4B42C1A6FB600231B58 = {
			isa = PBXGroup;
			children = (
				C147C4BF2C1A6FB600231B58 /* Pro-Planner Final */,
				C147C4BE2C1A6FB600231B58 /* Products */,
			);
			sourceTree = "<group>";
		};
		C147C4BE2C1A6FB600231B58 /* Products */ = {
			isa = PBXGroup;
			children = (
				C147C4BD2C1A6FB600231B58 /* Pro-Planner Final.app */,
			);
			name = Products;
			sourceTree = "<group>";
		};
		C147C4BF2C1A6FB600231B58 /* Pro-Planner Final */ = {
			isa = PBXGroup;
			children = (
				C147C4C02C1A6FB600231B58 /* Pro_Planner_FinalApp.swift */,
				C147C4D02C1A793E00231B58 /* Views */,
				C147C4E62C1B433000231B58 /* Helpers */,
				C147C4D12C1A795E00231B58 /* Models */,
				C147C4C42C1A6FB900231B58 /* Assets.xcassets */,
				C147C4C62C1A6FB900231B58 /* Preview Content */,
			);
			path = "Pro-Planner Final";
			sourceTree = "<group>";
		};
		C147C4C62C1A6FB900231B58 /* Preview Content */ = {
			isa = PBXGroup;
			children = (
				C147C4C72C1A6FB900231B58 /* Preview Assets.xcassets */,
			);
			path = "Preview Content";
			sourceTree = "<group>";
		};
		C147C4D02C1A793E00231B58 /* Views */ = {
			isa = PBXGroup;
			children = (
				C147C4C22C1A6FB600231B58 /* ContentView.swift */,
				C147C4D42C1A846800231B58 /* NewItemView.swift */,
				C147C4E22C1B3E4B00231B58 /* NewItemCalenderView.swift */,
				C147C4E72C1B436D00231B58 /* AssignmentsExampleView.swift */,
				C147C4D62C1B29E100231B58 /* CalenderView.swift */,
				C1FE17312C1C7AA8006EC7E2 /* HomePageExampleView.swift */,
				C1FE17372C1C7C9E006EC7E2 /* Home page views */,
			);
			path = Views;
			sourceTree = "<group>";
		};
		C147C4D12C1A795E00231B58 /* Models */ = {
			isa = PBXGroup;
			children = (
				C14D5C2F2C1B680D00871D4D /* UploadImage.swift */,
			);
			path = Models;
			sourceTree = "<group>";
		};
		C147C4E62C1B433000231B58 /* Helpers */ = {
			isa = PBXGroup;
			children = (
				C147C4CE2C1A718B00231B58 /* CollectionCatagorys.swift */,
				C147C4D22C1A798E00231B58 /* ExpandableRows.swift */,
				C147C4DE2C1B38D000231B58 /* BottomNavBar.swift */,
				C147C4E92C1B53EF00231B58 /* AssignmentSquaresHelper.swift */,
				C147C4E42C1B3EE800231B58 /* BottomNavBarCalender.swift */,
				C1FE173A2C1C833B006EC7E2 /* TestView.swift */,
			);
			path = Helpers;
			sourceTree = "<group>";
		};
		C1FE17372C1C7C9E006EC7E2 /* Home page views */ = {
			isa = PBXGroup;
			children = (
				C1FE17352C1C7C8F006EC7E2 /* RecipesListExampleView.swift */,
				C1FE17382C1C7FDD006EC7E2 /* TravelPlansExampleView.swift */,
				C1FE17332C1C7BDC006EC7E2 /* WatchListView.swift */,
			);
			path = "Home page views";
			sourceTree = "<group>";
		};
/* End PBXGroup section */

/* Begin PBXNativeTarget section */
		C147C4BC2C1A6FB600231B58 /* Pro-Planner Final */ = {
			isa = PBXNativeTarget;
			buildConfigurationList = C147C4CB2C1A6FB900231B58 /* Build configuration list for PBXNativeTarget "Pro-Planner Final" */;
			buildPhases = (
				C147C4B92C1A6FB600231B58 /* Sources */,
				C147C4BA2C1A6FB600231B58 /* Frameworks */,
				C147C4BB2C1A6FB600231B58 /* Resources */,
			);
			buildRules = (
			);
			dependencies = (
			);
			name = "Pro-Planner Final";
			productName = "Pro-Planner Final";
			productReference = C147C4BD2C1A6FB600231B58 /* Pro-Planner Final.app */;
			productType = "com.apple.product-type.application";
		};
/* End PBXNativeTarget section */

/* Begin PBXProject section */
		C147C4B52C1A6FB600231B58 /* Project object */ = {
			isa = PBXProject;
			attributes = {
				BuildIndependentTargetsInParallel = 1;
				LastSwiftUpdateCheck = 1520;
				LastUpgradeCheck = 1520;
				TargetAttributes = {
					C147C4BC2C1A6FB600231B58 = {
						CreatedOnToolsVersion = 15.2;
					};
				};
			};
			buildConfigurationList = C147C4B82C1A6FB600231B58 /* Build configuration list for PBXProject "Pro-Planner Final" */;
			compatibilityVersion = "Xcode 14.0";
			developmentRegion = en;
			hasScannedForEncodings = 0;
			knownRegions = (
				en,
				Base,
			);
			mainGroup = C147C4B42C1A6FB600231B58;
			productRefGroup = C147C4BE2C1A6FB600231B58 /* Products */;
			projectDirPath = "";
			projectRoot = "";
			targets = (
				C147C4BC2C1A6FB600231B58 /* Pro-Planner Final */,
			);
		};
/* End PBXProject section */

/* Begin PBXResourcesBuildPhase section */
		C147C4BB2C1A6FB600231B58 /* Resources */ = {
			isa = PBXResourcesBuildPhase;
			buildActionMask = 2147483647;
			files = (
				C147C4C82C1A6FB900231B58 /* Preview Assets.xcassets in Resources */,
				C147C4C52C1A6FB900231B58 /* Assets.xcassets in Resources */,
			);
			runOnlyForDeploymentPostprocessing = 0;
		};
/* End PBXResourcesBuildPhase section */

/* Begin PBXSourcesBuildPhase section */
		C147C4B92C1A6FB600231B58 /* Sources */ = {
			isa = PBXSourcesBuildPhase;
			buildActionMask = 2147483647;
			files = (
				C147C4E82C1B436D00231B58 /* AssignmentsExampleView.swift in Sources */,
				C147C4CF2C1A718B00231B58 /* CollectionCatagorys.swift in Sources */,
				C1FE17342C1C7BDC006EC7E2 /* WatchListView.swift in Sources */,
				C1FE17322C1C7AA8006EC7E2 /* HomePageExampleView.swift in Sources */,
				C147C4C32C1A6FB600231B58 /* ContentView.swift in Sources */,
				C147C4DF2C1B38D000231B58 /* BottomNavBar.swift in Sources */,
				C14D5C302C1B680E00871D4D /* UploadImage.swift in Sources */,
				C147C4D72C1B29E100231B58 /* CalenderView.swift in Sources */,
				C1FE173B2C1C833B006EC7E2 /* TestView.swift in Sources */,
				C147C4E52C1B3EE800231B58 /* BottomNavBarCalender.swift in Sources */,
				C147C4E32C1B3E4C00231B58 /* NewItemCalenderView.swift in Sources */,
				C1FE17392C1C7FDD006EC7E2 /* TravelPlansExampleView.swift in Sources */,
				C147C4EA2C1B53EF00231B58 /* AssignmentSquaresHelper.swift in Sources */,
				C1FE17362C1C7C8F006EC7E2 /* RecipesListExampleView.swift in Sources */,
				C147C4D32C1A798E00231B58 /* ExpandableRows.swift in Sources */,
				C147C4C12C1A6FB600231B58 /* Pro_Planner_FinalApp.swift in Sources */,
				C147C4D52C1A846800231B58 /* NewItemView.swift in Sources */,
			);
			runOnlyForDeploymentPostprocessing = 0;
		};
/* End PBXSourcesBuildPhase section */

/* Begin XCBuildConfiguration section */
		C147C4C92C1A6FB900231B58 /* Debug */ = {
			isa = XCBuildConfiguration;
			buildSettings = {
				ALWAYS_SEARCH_USER_PATHS = NO;
				ASSETCATALOG_COMPILER_GENERATE_SWIFT_ASSET_SYMBOL_EXTENSIONS = YES;
				CLANG_ANALYZER_NONNULL = YES;
				CLANG_ANALYZER_NUMBER_OBJECT_CONVERSION = YES_AGGRESSIVE;
				CLANG_CXX_LANGUAGE_STANDARD = "gnu++20";
				CLANG_ENABLE_MODULES = YES;
				CLANG_ENABLE_OBJC_ARC = YES;
				CLANG_ENABLE_OBJC_WEAK = YES;
				CLANG_WARN_BLOCK_CAPTURE_AUTORELEASING = YES;
				CLANG_WARN_BOOL_CONVERSION = YES;
				CLANG_WARN_COMMA = YES;
				CLANG_WARN_CONSTANT_CONVERSION = YES;
				CLANG_WARN_DEPRECATED_OBJC_IMPLEMENTATIONS = YES;
				CLANG_WARN_DIRECT_OBJC_ISA_USAGE = YES_ERROR;
				CLANG_WARN_DOCUMENTATION_COMMENTS = YES;
				CLANG_WARN_EMPTY_BODY = YES;
				CLANG_WARN_ENUM_CONVERSION = YES;
				CLANG_WARN_INFINITE_RECURSION = YES;
				CLANG_WARN_INT_CONVERSION = YES;
				CLANG_WARN_NON_LITERAL_NULL_CONVERSION = YES;
				CLANG_WARN_OBJC_IMPLICIT_RETAIN_SELF = YES;
				CLANG_WARN_OBJC_LITERAL_CONVERSION = YES;
				CLANG_WARN_OBJC_ROOT_CLASS = YES_ERROR;
				CLANG_WARN_QUOTED_INCLUDE_IN_FRAMEWORK_HEADER = YES;
				CLANG_WARN_RANGE_LOOP_ANALYSIS = YES;
				CLANG_WARN_STRICT_PROTOTYPES = YES;
				CLANG_WARN_SUSPICIOUS_MOVE = YES;
				CLANG_WARN_UNGUARDED_AVAILABILITY = YES_AGGRESSIVE;
				CLANG_WARN_UNREACHABLE_CODE = YES;
				CLANG_WARN__DUPLICATE_METHOD_MATCH = YES;
				COPY_PHASE_STRIP = NO;
				DEBUG_INFORMATION_FORMAT = dwarf;
				ENABLE_STRICT_OBJC_MSGSEND = YES;
				ENABLE_TESTABILITY = YES;
				ENABLE_USER_SCRIPT_SANDBOXING = YES;
				GCC_C_LANGUAGE_STANDARD = gnu17;
				GCC_DYNAMIC_NO_PIC = NO;
				GCC_NO_COMMON_BLOCKS = YES;
				GCC_OPTIMIZATION_LEVEL = 0;
				GCC_PREPROCESSOR_DEFINITIONS = (
					"DEBUG=1",
					"$(inherited)",
				);
				GCC_WARN_64_TO_32_BIT_CONVERSION = YES;
				GCC_WARN_ABOUT_RETURN_TYPE = YES_ERROR;
				GCC_WARN_UNDECLARED_SELECTOR = YES;
				GCC_WARN_UNINITIALIZED_AUTOS = YES_AGGRESSIVE;
				GCC_WARN_UNUSED_FUNCTION = YES;
				GCC_WARN_UNUSED_VARIABLE = YES;
				IPHONEOS_DEPLOYMENT_TARGET = 17.2;
				LOCALIZATION_PREFERS_STRING_CATALOGS = YES;
				MTL_ENABLE_DEBUG_INFO = INCLUDE_SOURCE;
				MTL_FAST_MATH = YES;
				ONLY_ACTIVE_ARCH = YES;
				SDKROOT = iphoneos;
				SWIFT_ACTIVE_COMPILATION_CONDITIONS = "DEBUG $(inherited)";
				SWIFT_OPTIMIZATION_LEVEL = "-Onone";
			};
			name = Debug;
		};
		C147C4CA2C1A6FB900231B58 /* Release */ = {
			isa = XCBuildConfiguration;
			buildSettings = {
				ALWAYS_SEARCH_USER_PATHS = NO;
				ASSETCATALOG_COMPILER_GENERATE_SWIFT_ASSET_SYMBOL_EXTENSIONS = YES;
				CLANG_ANALYZER_NONNULL = YES;
				CLANG_ANALYZER_NUMBER_OBJECT_CONVERSION = YES_AGGRESSIVE;
				CLANG_CXX_LANGUAGE_STANDARD = "gnu++20";
				CLANG_ENABLE_MODULES = YES;
				CLANG_ENABLE_OBJC_ARC = YES;
				CLANG_ENABLE_OBJC_WEAK = YES;
				CLANG_WARN_BLOCK_CAPTURE_AUTORELEASING = YES;
				CLANG_WARN_BOOL_CONVERSION = YES;
				CLANG_WARN_COMMA = YES;
				CLANG_WARN_CONSTANT_CONVERSION = YES;
				CLANG_WARN_DEPRECATED_OBJC_IMPLEMENTATIONS = YES;
				CLANG_WARN_DIRECT_OBJC_ISA_USAGE = YES_ERROR;
				CLANG_WARN_DOCUMENTATION_COMMENTS = YES;
				CLANG_WARN_EMPTY_BODY = YES;
				CLANG_WARN_ENUM_CONVERSION = YES;
				CLANG_WARN_INFINITE_RECURSION = YES;
				CLANG_WARN_INT_CONVERSION = YES;
				CLANG_WARN_NON_LITERAL_NULL_CONVERSION = YES;
				CLANG_WARN_OBJC_IMPLICIT_RETAIN_SELF = YES;
				CLANG_WARN_OBJC_LITERAL_CONVERSION = YES;
				CLANG_WARN_OBJC_ROOT_CLASS = YES_ERROR;
				CLANG_WARN_QUOTED_INCLUDE_IN_FRAMEWORK_HEADER = YES;
				CLANG_WARN_RANGE_LOOP_ANALYSIS = YES;
				CLANG_WARN_STRICT_PROTOTYPES = YES;
				CLANG_WARN_SUSPICIOUS_MOVE = YES;
				CLANG_WARN_UNGUARDED_AVAILABILITY = YES_AGGRESSIVE;
				CLANG_WARN_UNREACHABLE_CODE = YES;
				CLANG_WARN__DUPLICATE_METHOD_MATCH = YES;
				COPY_PHASE_STRIP = NO;
				DEBUG_INFORMATION_FORMAT = "dwarf-with-dsym";
				ENABLE_NS_ASSERTIONS = NO;
				ENABLE_STRICT_OBJC_MSGSEND = YES;
				ENABLE_USER_SCRIPT_SANDBOXING = YES;
				GCC_C_LANGUAGE_STANDARD = gnu17;
				GCC_NO_COMMON_BLOCKS = YES;
				GCC_WARN_64_TO_32_BIT_CONVERSION = YES;
				GCC_WARN_ABOUT_RETURN_TYPE = YES_ERROR;
				GCC_WARN_UNDECLARED_SELECTOR = YES;
				GCC_WARN_UNINITIALIZED_AUTOS = YES_AGGRESSIVE;
				GCC_WARN_UNUSED_FUNCTION = YES;
				GCC_WARN_UNUSED_VARIABLE = YES;
				IPHONEOS_DEPLOYMENT_TARGET = 17.2;
				LOCALIZATION_PREFERS_STRING_CATALOGS = YES;
				MTL_ENABLE_DEBUG_INFO = NO;
				MTL_FAST_MATH = YES;
				SDKROOT = iphoneos;
				SWIFT_COMPILATION_MODE = wholemodule;
				VALIDATE_PRODUCT = YES;
			};
			name = Release;
		};
		C147C4CC2C1A6FB900231B58 /* Debug */ = {
			isa = XCBuildConfiguration;
			buildSettings = {
				ASSETCATALOG_COMPILER_APPICON_NAME = AppIcon;
				ASSETCATALOG_COMPILER_GLOBAL_ACCENT_COLOR_NAME = AccentColor;
				CODE_SIGN_STYLE = Automatic;
				CURRENT_PROJECT_VERSION = 1;
				DEVELOPMENT_ASSET_PATHS = "\"Pro-Planner Final/Preview Content\"";
				DEVELOPMENT_TEAM = 5PWMQSWZ4U;
				ENABLE_PREVIEWS = YES;
				GENERATE_INFOPLIST_FILE = YES;
				INFOPLIST_KEY_UIApplicationSceneManifest_Generation = YES;
				INFOPLIST_KEY_UIApplicationSupportsIndirectInputEvents = YES;
				INFOPLIST_KEY_UILaunchScreen_Generation = YES;
				INFOPLIST_KEY_UISupportedInterfaceOrientations_iPad = "UIInterfaceOrientationPortrait UIInterfaceOrientationPortraitUpsideDown UIInterfaceOrientationLandscapeLeft UIInterfaceOrientationLandscapeRight";
				INFOPLIST_KEY_UISupportedInterfaceOrientations_iPhone = "UIInterfaceOrientationPortrait UIInterfaceOrientationLandscapeLeft UIInterfaceOrientationLandscapeRight";
				LD_RUNPATH_SEARCH_PATHS = (
					"$(inherited)",
					"@executable_path/Frameworks",
				);
				MARKETING_VERSION = 1.0;
				PRODUCT_BUNDLE_IDENTIFIER = "ca.DanikaPeet.Pro-Planner-Final";
				PRODUCT_NAME = "$(TARGET_NAME)";
				SWIFT_EMIT_LOC_STRINGS = YES;
				SWIFT_VERSION = 5.0;
				TARGETED_DEVICE_FAMILY = "1,2";
			};
			name = Debug;
		};
		C147C4CD2C1A6FB900231B58 /* Release */ = {
			isa = XCBuildConfiguration;
			buildSettings = {
				ASSETCATALOG_COMPILER_APPICON_NAME = AppIcon;
				ASSETCATALOG_COMPILER_GLOBAL_ACCENT_COLOR_NAME = AccentColor;
				CODE_SIGN_STYLE = Automatic;
				CURRENT_PROJECT_VERSION = 1;
				DEVELOPMENT_ASSET_PATHS = "\"Pro-Planner Final/Preview Content\"";
				DEVELOPMENT_TEAM = 5PWMQSWZ4U;
				ENABLE_PREVIEWS = YES;
				GENERATE_INFOPLIST_FILE = YES;
				INFOPLIST_KEY_UIApplicationSceneManifest_Generation = YES;
				INFOPLIST_KEY_UIApplicationSupportsIndirectInputEvents = YES;
				INFOPLIST_KEY_UILaunchScreen_Generation = YES;
				INFOPLIST_KEY_UISupportedInterfaceOrientations_iPad = "UIInterfaceOrientationPortrait UIInterfaceOrientationPortraitUpsideDown UIInterfaceOrientationLandscapeLeft UIInterfaceOrientationLandscapeRight";
				INFOPLIST_KEY_UISupportedInterfaceOrientations_iPhone = "UIInterfaceOrientationPortrait UIInterfaceOrientationLandscapeLeft UIInterfaceOrientationLandscapeRight";
				LD_RUNPATH_SEARCH_PATHS = (
					"$(inherited)",
					"@executable_path/Frameworks",
				);
				MARKETING_VERSION = 1.0;
				PRODUCT_BUNDLE_IDENTIFIER = "ca.DanikaPeet.Pro-Planner-Final";
				PRODUCT_NAME = "$(TARGET_NAME)";
				SWIFT_EMIT_LOC_STRINGS = YES;
				SWIFT_VERSION = 5.0;
				TARGETED_DEVICE_FAMILY = "1,2";
			};
			name = Release;
		};
/* End XCBuildConfiguration section */

/* Begin XCConfigurationList section */
		C147C4B82C1A6FB600231B58 /* Build configuration list for PBXProject "Pro-Planner Final" */ = {
			isa = XCConfigurationList;
			buildConfigurations = (
				C147C4C92C1A6FB900231B58 /* Debug */,
				C147C4CA2C1A6FB900231B58 /* Release */,
			);
			defaultConfigurationIsVisible = 0;
			defaultConfigurationName = Release;
		};
		C147C4CB2C1A6FB900231B58 /* Build configuration list for PBXNativeTarget "Pro-Planner Final" */ = {
			isa = XCConfigurationList;
			buildConfigurations = (
				C147C4CC2C1A6FB900231B58 /* Debug */,
				C147C4CD2C1A6FB900231B58 /* Release */,
			);
			defaultConfigurationIsVisible = 0;
			defaultConfigurationName = Release;
		};
/* End XCConfigurationList section */
	};
	rootObject = C147C4B52C1A6FB600231B58 /* Project object */;
}
